
Microsoft Visual Studio Solution File, Format Version 12.00
# Visual Studio Version 16
VisualStudioVersion = 16.0.32126.315
MinimumVisualStudioVersion = 10.0.40219.1
Project("{FAE04EC0-301F-11D3-BF4B-00C04F79EFBC}") = "MVCCV", "MVCCV\MVCCV.csproj", "{D3D3C8D4-B3A8-4B35-B525-7403A35D1F2B}"
EndProject
Global
	GlobalSection(SolutionConfigurationPlatforms) = preSolution
		Debug|Any CPU = Debug|Any CPU
		Release|Any CPU = Release|Any CPU
	EndGlobalSection
	GlobalSection(ProjectConfigurationPlatforms) = postSolution
		{D3D3C8D4-B3A8-4B35-B525-7403A35D1F2B}.Debug|Any CPU.ActiveCfg = Debug|Any CPU
		{D3D3C8D4-B3A8-4B35-B525-7403A35D1F2B}.Debug|Any CPU.Build.0 = Debug|Any CPU
		{D3D3C8D4-B3A8-4B35-B525-7403A35D1F2B}.Release|Any CPU.ActiveCfg = Release|Any CPU
		{D3D3C8D4-B3A8-4B35-B525-7403A35D1F2B}.Release|Any CPU.Build.0 = Release|Any CPU
	EndGlobalSection
	GlobalSection(SolutionProperties) = preSolution
		HideSolutionNode = FALSE
	EndGlobalSection
	GlobalSection(ExtensibilityGlobals) = postSolution
		SolutionGuid = {103A01ED-3C14-4A79-8C2C-B66770B6664C}
	EndGlobalSection
EndGlobal
